
Microsoft Visual Studio Solution File, Format Version 12.00
# Visual Studio 14
VisualStudioVersion = 14.0.25420.1
MinimumVisualStudioVersion = 10.0.40219.1
Project("{FAE04EC0-301F-11D3-BF4B-00C04F79EFBC}") = "named_pipe_server", "named_pipe_server\named_pipe_server.csproj", "{C33ED460-8152-4CE7-9D70-CF03249857AE}"
EndProject
Project("{FAE04EC0-301F-11D3-BF4B-00C04F79EFBC}") = "named_pipe_client", "named_pipe_client\named_pipe_client.csproj", "{BDE872D2-E07F-4E8A-9166-E4CA728ABB42}"
EndProject
Global
	GlobalSection(SolutionConfigurationPlatforms) = preSolution
		Debug|Any CPU = Debug|Any CPU
		Release|Any CPU = Release|Any CPU
	EndGlobalSection
	GlobalSection(ProjectConfigurationPlatforms) = postSolution
		{C33ED460-8152-4CE7-9D70-CF03249857AE}.Debug|Any CPU.ActiveCfg = Debug|Any CPU
		{C33ED460-8152-4CE7-9D70-CF03249857AE}.Debug|Any CPU.Build.0 = Debug|Any CPU
		{C33ED460-8152-4CE7-9D70-CF03249857AE}.Release|Any CPU.ActiveCfg = Release|Any CPU
		{C33ED460-8152-4CE7-9D70-CF03249857AE}.Release|Any CPU.Build.0 = Release|Any CPU
		{BDE872D2-E07F-4E8A-9166-E4CA728ABB42}.Debug|Any CPU.ActiveCfg = Debug|Any CPU
		{BDE872D2-E07F-4E8A-9166-E4CA728ABB42}.Debug|Any CPU.Build.0 = Debug|Any CPU
		{BDE872D2-E07F-4E8A-9166-E4CA728ABB42}.Release|Any CPU.ActiveCfg = Release|Any CPU
		{BDE872D2-E07F-4E8A-9166-E4CA728ABB42}.Release|Any CPU.Build.0 = Release|Any CPU
	EndGlobalSection
	GlobalSection(SolutionProperties) = preSolution
		HideSolutionNode = FALSE
	EndGlobalSection
EndGlobal
